PODS:
  - Flutter (1.0.0)
  - moca_flutter (3.10):
    - Flutter
    - MocaSDK (= 3.10.4)
  - MocaSDK (3.10.4)
  - permission_handler_apple (9.1.1):
    - Flutter

DEPENDENCIES:
  - Flutter (from `Flutter`)
  - moca_flutter (from `.symlinks/plugins/moca_flutter/ios`)
  - permission_handler_apple (from `.symlinks/plugins/permission_handler_apple/ios`)

SPEC REPOS:
  trunk:
    - MocaSDK

EXTERNAL SOURCES:
  Flutter:
    :path: Flutter
  moca_flutter:
    :path: ".symlinks/plugins/moca_flutter/ios"
  permission_handler_apple:
    :path: ".symlinks/plugins/permission_handler_apple/ios"

SPEC CHECKSUMS:
  Flutter: e0871f40cf51350855a761d2e70bf5af5b9b5de7
  moca_flutter: 48fe1e8600771b74bd332c37b1a5a1d4f832879e
  MocaSDK: 18cde64634ee3ee3c5dc171103f9ae9214f14723
  permission_handler_apple: 3787117e48f80715ff04a3830ca039283d6a4f29

PODFILE CHECKSUM: 8dff75de335b264b76d7126c85efb109441f2d94

COCOAPODS: 1.16.2
